
Microsoft Visual Studio Solution File, Format Version 12.00
# Visual Studio Version 17
VisualStudioVersion = 17.6.33815.320
MinimumVisualStudioVersion = 10.0.40219.1
Project("{FAE04EC0-301F-11D3-BF4B-00C04F79EFBC}") = "es1", "es1\es1.csproj", "{BD09D988-06B3-4988-89E9-E725C6B5BC0E}"
EndProject
Global
	GlobalSection(SolutionConfigurationPlatforms) = preSolution
		Debug|Any CPU = Debug|Any CPU
		Release|Any CPU = Release|Any CPU
	EndGlobalSection
	GlobalSection(ProjectConfigurationPlatforms) = postSolution
		{BD09D988-06B3-4988-89E9-E725C6B5BC0E}.Debug|Any CPU.ActiveCfg = Debug|Any CPU
		{BD09D988-06B3-4988-89E9-E725C6B5BC0E}.Debug|Any CPU.Build.0 = Debug|Any CPU
		{BD09D988-06B3-4988-89E9-E725C6B5BC0E}.Release|Any CPU.ActiveCfg = Release|Any CPU
		{BD09D988-06B3-4988-89E9-E725C6B5BC0E}.Release|Any CPU.Build.0 = Release|Any CPU
	EndGlobalSection
	GlobalSection(SolutionProperties) = preSolution
		HideSolutionNode = FALSE
	EndGlobalSection
	GlobalSection(ExtensibilityGlobals) = postSolution
		SolutionGuid = {3EFE17ED-81BD-43ED-B8A1-DAC1705961CC}
	EndGlobalSection
EndGlobal
